
Microsoft Visual Studio Solution File, Format Version 12.00
# Visual Studio Version 16
VisualStudioVersion = 16.0.30517.126
MinimumVisualStudioVersion = 10.0.40219.1
Project("{FAE04EC0-301F-11D3-BF4B-00C04F79EFBC}") = "IEEEOUIparser", "IEEEOUIparser.csproj", "{FB63508E-7FA5-4D42-884E-1560342BCB44}"
EndProject
Global
	GlobalSection(SolutionConfigurationPlatforms) = preSolution
		Debug|Any CPU = Debug|Any CPU
		Release|Any CPU = Release|Any CPU
	EndGlobalSection
	GlobalSection(ProjectConfigurationPlatforms) = postSolution
		{FB63508E-7FA5-4D42-884E-1560342BCB44}.Debug|Any CPU.ActiveCfg = Debug|Any CPU
		{FB63508E-7FA5-4D42-884E-1560342BCB44}.Debug|Any CPU.Build.0 = Debug|Any CPU
		{FB63508E-7FA5-4D42-884E-1560342BCB44}.Release|Any CPU.ActiveCfg = Release|Any CPU
		{FB63508E-7FA5-4D42-884E-1560342BCB44}.Release|Any CPU.Build.0 = Release|Any CPU
	EndGlobalSection
	GlobalSection(SolutionProperties) = preSolution
		HideSolutionNode = FALSE
	EndGlobalSection
	GlobalSection(ExtensibilityGlobals) = postSolution
		SolutionGuid = {B5F14DE9-B72D-49C1-98EF-21B9049C6EB0}
	EndGlobalSection
EndGlobal
